
Microsoft Visual Studio Solution File, Format Version 12.00
# Visual Studio Version 17
VisualStudioVersion = 17.0.32014.148
MinimumVisualStudioVersion = 10.0.40219.1
Project("{FAE04EC0-301F-11D3-BF4B-00C04F79EFBC}") = "BackEnd", "BackEnd.csproj", "{B277D967-DB4B-4F17-B918-B7213F953A3C}"
EndProject
Global
	GlobalSection(SolutionConfigurationPlatforms) = preSolution
		Debug|Any CPU = Debug|Any CPU
		Release|Any CPU = Release|Any CPU
	EndGlobalSection
	GlobalSection(ProjectConfigurationPlatforms) = postSolution
		{B277D967-DB4B-4F17-B918-B7213F953A3C}.Debug|Any CPU.ActiveCfg = Debug|Any CPU
		{B277D967-DB4B-4F17-B918-B7213F953A3C}.Debug|Any CPU.Build.0 = Debug|Any CPU
		{B277D967-DB4B-4F17-B918-B7213F953A3C}.Release|Any CPU.ActiveCfg = Release|Any CPU
		{B277D967-DB4B-4F17-B918-B7213F953A3C}.Release|Any CPU.Build.0 = Release|Any CPU
	EndGlobalSection
	GlobalSection(SolutionProperties) = preSolution
		HideSolutionNode = FALSE
	EndGlobalSection
	GlobalSection(ExtensibilityGlobals) = postSolution
		SolutionGuid = {D390AFDF-D140-4143-A35F-D862EEB169FC}
	EndGlobalSection
EndGlobal
